
Microsoft Visual Studio Solution File, Format Version 12.00
# Visual Studio 2012
Project("{FAE04EC0-301F-11D3-BF4B-00C04F79EFBC}") = "Hunting List for MH3U", "Hunting List for MH3U\Hunting List for MH3U.csproj", "{2246EC09-A2D9-4B05-BA4B-877D21F8B405}"
EndProject
Global
	GlobalSection(SolutionConfigurationPlatforms) = preSolution
		Debug|Any CPU = Debug|Any CPU
		Release|Any CPU = Release|Any CPU
	EndGlobalSection
	GlobalSection(ProjectConfigurationPlatforms) = postSolution
		{2246EC09-A2D9-4B05-BA4B-877D21F8B405}.Debug|Any CPU.ActiveCfg = Debug|Any CPU
		{2246EC09-A2D9-4B05-BA4B-877D21F8B405}.Debug|Any CPU.Build.0 = Debug|Any CPU
		{2246EC09-A2D9-4B05-BA4B-877D21F8B405}.Release|Any CPU.ActiveCfg = Release|Any CPU
		{2246EC09-A2D9-4B05-BA4B-877D21F8B405}.Release|Any CPU.Build.0 = Release|Any CPU
	EndGlobalSection
	GlobalSection(SolutionProperties) = preSolution
		HideSolutionNode = FALSE
	EndGlobalSection
EndGlobal
